
Microsoft Visual Studio Solution File, Format Version 12.00
# Visual Studio Version 17
VisualStudioVersion = 17.13.35931.197
MinimumVisualStudioVersion = 10.0.40219.1
Project("{2150E333-8FDC-42A3-9474-1A3956D46DE8}") = "Solution Items", "Solution Items", "{8EC462FD-D22E-90A8-E5CE-7E832BA40C5D}"
	ProjectSection(SolutionItems) = preProject
		.env = .env
		docker-compose.yml = docker-compose.yml
	EndProjectSection
EndProject
Project("{2150E333-8FDC-42A3-9474-1A3956D46DE8}") = "Adapters", "Adapters", "{09DF2EE5-5FE7-3EC7-59CB-CAD7E0928979}"
EndProject
Project("{2150E333-8FDC-42A3-9474-1A3956D46DE8}") = "Primary", "Primary", "{077D2E8C-2093-4800-3598-2FC6DC006BA5}"
EndProject
Project("{FAE04EC0-301F-11D3-BF4B-00C04F79EFBC}") = "FastFood.Api", "Adapters\Primary\FastFood.Api\FastFood.Api.csproj", "{F7B6A91B-7424-45D7-A1CE-F4E5F5355534}"
EndProject
Project("{FAE04EC0-301F-11D3-BF4B-00C04F79EFBC}") = "FastFood.Migrator", "Adapters\Primary\FastFood.Migrator\FastFood.Migrator.csproj", "{9ACB211F-22EE-4DEB-B8BF-60684ABF8686}"
EndProject
Project("{2150E333-8FDC-42A3-9474-1A3956D46DE8}") = "Core", "Core", "{FBF56CC3-7AE6-AD2D-3F14-7F97FD322CD6}"
EndProject
Project("{FAE04EC0-301F-11D3-BF4B-00C04F79EFBC}") = "FastFood.Application", "Core\FastFood.Application\FastFood.Application.csproj", "{8766E681-7EC5-4C98-8095-3855341853D2}"
EndProject
Project("{FAE04EC0-301F-11D3-BF4B-00C04F79EFBC}") = "FastFood.Domain", "Core\FastFood.Domain\FastFood.Domain.csproj", "{C60B6670-1359-4C10-ABD2-19C313051D85}"
EndProject
Project("{2150E333-8FDC-42A3-9474-1A3956D46DE8}") = "Secondary", "Secondary", "{9698B8BE-3B8B-BB50-F83F-725A20791B06}"
EndProject
Project("{FAE04EC0-301F-11D3-BF4B-00C04F79EFBC}") = "FastFood.Infra.Data", "Adapters\Secondary\FastFood.Infra.DAta\FastFood.Infra.Data.csproj", "{D6E75AAC-9BC5-4A6D-BB6C-C5BB5FB343DC}"
EndProject
Project("{FAE04EC0-301F-11D3-BF4B-00C04F79EFBC}") = "FastFood.Infra.ExternalServices", "Adapters\Secondary\FastFood.Infra.ExternalServices\FastFood.Infra.ExternalServices.csproj", "{CA447EE0-1522-4600-AEE3-2F466C384A6F}"
EndProject
Project("{FAE04EC0-301F-11D3-BF4B-00C04F79EFBC}") = "FastFood.AplicationTest", "Core\FastFood.AplicationTest\FastFood.AplicationTest.csproj", "{D67F7074-6BDF-4005-AA9C-6AD245C64E87}"
EndProject
Project("{FAE04EC0-301F-11D3-BF4B-00C04F79EFBC}") = "FastFood.DomainTest", "Core\FastFood.DomainTest\FastFood.DomainTest.csproj", "{C1370820-C0AB-4752-88BE-14193F39E9B9}"
EndProject
Global
	GlobalSection(SolutionConfigurationPlatforms) = preSolution
		Debug|Any CPU = Debug|Any CPU
		Debug|x64 = Debug|x64
		Debug|x86 = Debug|x86
		Release|Any CPU = Release|Any CPU
		Release|x64 = Release|x64
		Release|x86 = Release|x86
	EndGlobalSection
	GlobalSection(ProjectConfigurationPlatforms) = postSolution
		{F7B6A91B-7424-45D7-A1CE-F4E5F5355534}.Debug|Any CPU.ActiveCfg = Debug|Any CPU
		{F7B6A91B-7424-45D7-A1CE-F4E5F5355534}.Debug|Any CPU.Build.0 = Debug|Any CPU
		{F7B6A91B-7424-45D7-A1CE-F4E5F5355534}.Debug|x64.ActiveCfg = Debug|Any CPU
		{F7B6A91B-7424-45D7-A1CE-F4E5F5355534}.Debug|x64.Build.0 = Debug|Any CPU
		{F7B6A91B-7424-45D7-A1CE-F4E5F5355534}.Debug|x86.ActiveCfg = Debug|Any CPU
		{F7B6A91B-7424-45D7-A1CE-F4E5F5355534}.Debug|x86.Build.0 = Debug|Any CPU
		{F7B6A91B-7424-45D7-A1CE-F4E5F5355534}.Release|Any CPU.ActiveCfg = Release|Any CPU
		{F7B6A91B-7424-45D7-A1CE-F4E5F5355534}.Release|Any CPU.Build.0 = Release|Any CPU
		{F7B6A91B-7424-45D7-A1CE-F4E5F5355534}.Release|x64.ActiveCfg = Release|Any CPU
		{F7B6A91B-7424-45D7-A1CE-F4E5F5355534}.Release|x64.Build.0 = Release|Any CPU
		{F7B6A91B-7424-45D7-A1CE-F4E5F5355534}.Release|x86.ActiveCfg = Release|Any CPU
		{F7B6A91B-7424-45D7-A1CE-F4E5F5355534}.Release|x86.Build.0 = Release|Any CPU
		{9ACB211F-22EE-4DEB-B8BF-60684ABF8686}.Debug|Any CPU.ActiveCfg = Debug|Any CPU
		{9ACB211F-22EE-4DEB-B8BF-60684ABF8686}.Debug|Any CPU.Build.0 = Debug|Any CPU
		{9ACB211F-22EE-4DEB-B8BF-60684ABF8686}.Debug|x64.ActiveCfg = Debug|Any CPU
		{9ACB211F-22EE-4DEB-B8BF-60684ABF8686}.Debug|x64.Build.0 = Debug|Any CPU
		{9ACB211F-22EE-4DEB-B8BF-60684ABF8686}.Debug|x86.ActiveCfg = Debug|Any CPU
		{9ACB211F-22EE-4DEB-B8BF-60684ABF8686}.Debug|x86.Build.0 = Debug|Any CPU
		{9ACB211F-22EE-4DEB-B8BF-60684ABF8686}.Release|Any CPU.ActiveCfg = Release|Any CPU
		{9ACB211F-22EE-4DEB-B8BF-60684ABF8686}.Release|Any CPU.Build.0 = Release|Any CPU
		{9ACB211F-22EE-4DEB-B8BF-60684ABF8686}.Release|x64.ActiveCfg = Release|Any CPU
		{9ACB211F-22EE-4DEB-B8BF-60684ABF8686}.Release|x64.Build.0 = Release|Any CPU
		{9ACB211F-22EE-4DEB-B8BF-60684ABF8686}.Release|x86.ActiveCfg = Release|Any CPU
		{9ACB211F-22EE-4DEB-B8BF-60684ABF8686}.Release|x86.Build.0 = Release|Any CPU
		{8766E681-7EC5-4C98-8095-3855341853D2}.Debug|Any CPU.ActiveCfg = Debug|Any CPU
		{8766E681-7EC5-4C98-8095-3855341853D2}.Debug|Any CPU.Build.0 = Debug|Any CPU
		{8766E681-7EC5-4C98-8095-3855341853D2}.Debug|x64.ActiveCfg = Debug|Any CPU
		{8766E681-7EC5-4C98-8095-3855341853D2}.Debug|x64.Build.0 = Debug|Any CPU
		{8766E681-7EC5-4C98-8095-3855341853D2}.Debug|x86.ActiveCfg = Debug|Any CPU
		{8766E681-7EC5-4C98-8095-3855341853D2}.Debug|x86.Build.0 = Debug|Any CPU
		{8766E681-7EC5-4C98-8095-3855341853D2}.Release|Any CPU.ActiveCfg = Release|Any CPU
		{8766E681-7EC5-4C98-8095-3855341853D2}.Release|Any CPU.Build.0 = Release|Any CPU
		{8766E681-7EC5-4C98-8095-3855341853D2}.Release|x64.ActiveCfg = Release|Any CPU
		{8766E681-7EC5-4C98-8095-3855341853D2}.Release|x64.Build.0 = Release|Any CPU
		{8766E681-7EC5-4C98-8095-3855341853D2}.Release|x86.ActiveCfg = Release|Any CPU
		{8766E681-7EC5-4C98-8095-3855341853D2}.Release|x86.Build.0 = Release|Any CPU
		{C60B6670-1359-4C10-ABD2-19C313051D85}.Debug|Any CPU.ActiveCfg = Debug|Any CPU
		{C60B6670-1359-4C10-ABD2-19C313051D85}.Debug|Any CPU.Build.0 = Debug|Any CPU
		{C60B6670-1359-4C10-ABD2-19C313051D85}.Debug|x64.ActiveCfg = Debug|Any CPU
		{C60B6670-1359-4C10-ABD2-19C313051D85}.Debug|x64.Build.0 = Debug|Any CPU
		{C60B6670-1359-4C10-ABD2-19C313051D85}.Debug|x86.ActiveCfg = Debug|Any CPU
		{C60B6670-1359-4C10-ABD2-19C313051D85}.Debug|x86.Build.0 = Debug|Any CPU
		{C60B6670-1359-4C10-ABD2-19C313051D85}.Release|Any CPU.ActiveCfg = Release|Any CPU
		{C60B6670-1359-4C10-ABD2-19C313051D85}.Release|Any CPU.Build.0 = Release|Any CPU
		{C60B6670-1359-4C10-ABD2-19C313051D85}.Release|x64.ActiveCfg = Release|Any CPU
		{C60B6670-1359-4C10-ABD2-19C313051D85}.Release|x64.Build.0 = Release|Any CPU
		{C60B6670-1359-4C10-ABD2-19C313051D85}.Release|x86.ActiveCfg = Release|Any CPU
		{C60B6670-1359-4C10-ABD2-19C313051D85}.Release|x86.Build.0 = Release|Any CPU
		{D6E75AAC-9BC5-4A6D-BB6C-C5BB5FB343DC}.Debug|Any CPU.ActiveCfg = Debug|Any CPU
		{D6E75AAC-9BC5-4A6D-BB6C-C5BB5FB343DC}.Debug|Any CPU.Build.0 = Debug|Any CPU
		{D6E75AAC-9BC5-4A6D-BB6C-C5BB5FB343DC}.Debug|x64.ActiveCfg = Debug|Any CPU
		{D6E75AAC-9BC5-4A6D-BB6C-C5BB5FB343DC}.Debug|x64.Build.0 = Debug|Any CPU
		{D6E75AAC-9BC5-4A6D-BB6C-C5BB5FB343DC}.Debug|x86.ActiveCfg = Debug|Any CPU
		{D6E75AAC-9BC5-4A6D-BB6C-C5BB5FB343DC}.Debug|x86.Build.0 = Debug|Any CPU
		{D6E75AAC-9BC5-4A6D-BB6C-C5BB5FB343DC}.Release|Any CPU.ActiveCfg = Release|Any CPU
		{D6E75AAC-9BC5-4A6D-BB6C-C5BB5FB343DC}.Release|Any CPU.Build.0 = Release|Any CPU
		{D6E75AAC-9BC5-4A6D-BB6C-C5BB5FB343DC}.Release|x64.ActiveCfg = Release|Any CPU
		{D6E75AAC-9BC5-4A6D-BB6C-C5BB5FB343DC}.Release|x64.Build.0 = Release|Any CPU
		{D6E75AAC-9BC5-4A6D-BB6C-C5BB5FB343DC}.Release|x86.ActiveCfg = Release|Any CPU
		{D6E75AAC-9BC5-4A6D-BB6C-C5BB5FB343DC}.Release|x86.Build.0 = Release|Any CPU
		{CA447EE0-1522-4600-AEE3-2F466C384A6F}.Debug|Any CPU.ActiveCfg = Debug|Any CPU
		{CA447EE0-1522-4600-AEE3-2F466C384A6F}.Debug|Any CPU.Build.0 = Debug|Any CPU
		{CA447EE0-1522-4600-AEE3-2F466C384A6F}.Debug|x64.ActiveCfg = Debug|Any CPU
		{CA447EE0-1522-4600-AEE3-2F466C384A6F}.Debug|x64.Build.0 = Debug|Any CPU
		{CA447EE0-1522-4600-AEE3-2F466C384A6F}.Debug|x86.ActiveCfg = Debug|Any CPU
		{CA447EE0-1522-4600-AEE3-2F466C384A6F}.Debug|x86.Build.0 = Debug|Any CPU
		{CA447EE0-1522-4600-AEE3-2F466C384A6F}.Release|Any CPU.ActiveCfg = Release|Any CPU
		{CA447EE0-1522-4600-AEE3-2F466C384A6F}.Release|Any CPU.Build.0 = Release|Any CPU
		{CA447EE0-1522-4600-AEE3-2F466C384A6F}.Release|x64.ActiveCfg = Release|Any CPU
		{CA447EE0-1522-4600-AEE3-2F466C384A6F}.Release|x64.Build.0 = Release|Any CPU
		{CA447EE0-1522-4600-AEE3-2F466C384A6F}.Release|x86.ActiveCfg = Release|Any CPU
		{CA447EE0-1522-4600-AEE3-2F466C384A6F}.Release|x86.Build.0 = Release|Any CPU
		{D67F7074-6BDF-4005-AA9C-6AD245C64E87}.Debug|Any CPU.ActiveCfg = Debug|Any CPU
		{D67F7074-6BDF-4005-AA9C-6AD245C64E87}.Debug|Any CPU.Build.0 = Debug|Any CPU
		{D67F7074-6BDF-4005-AA9C-6AD245C64E87}.Debug|x64.ActiveCfg = Debug|Any CPU
		{D67F7074-6BDF-4005-AA9C-6AD245C64E87}.Debug|x64.Build.0 = Debug|Any CPU
		{D67F7074-6BDF-4005-AA9C-6AD245C64E87}.Debug|x86.ActiveCfg = Debug|Any CPU
		{D67F7074-6BDF-4005-AA9C-6AD245C64E87}.Debug|x86.Build.0 = Debug|Any CPU
		{D67F7074-6BDF-4005-AA9C-6AD245C64E87}.Release|Any CPU.ActiveCfg = Release|Any CPU
		{D67F7074-6BDF-4005-AA9C-6AD245C64E87}.Release|Any CPU.Build.0 = Release|Any CPU
		{D67F7074-6BDF-4005-AA9C-6AD245C64E87}.Release|x64.ActiveCfg = Release|Any CPU
		{D67F7074-6BDF-4005-AA9C-6AD245C64E87}.Release|x64.Build.0 = Release|Any CPU
		{D67F7074-6BDF-4005-AA9C-6AD245C64E87}.Release|x86.ActiveCfg = Release|Any CPU
		{D67F7074-6BDF-4005-AA9C-6AD245C64E87}.Release|x86.Build.0 = Release|Any CPU
		{C1370820-C0AB-4752-88BE-14193F39E9B9}.Debug|Any CPU.ActiveCfg = Debug|Any CPU
		{C1370820-C0AB-4752-88BE-14193F39E9B9}.Debug|Any CPU.Build.0 = Debug|Any CPU
		{C1370820-C0AB-4752-88BE-14193F39E9B9}.Debug|x64.ActiveCfg = Debug|Any CPU
		{C1370820-C0AB-4752-88BE-14193F39E9B9}.Debug|x64.Build.0 = Debug|Any CPU
		{C1370820-C0AB-4752-88BE-14193F39E9B9}.Debug|x86.ActiveCfg = Debug|Any CPU
		{C1370820-C0AB-4752-88BE-14193F39E9B9}.Debug|x86.Build.0 = Debug|Any CPU
		{C1370820-C0AB-4752-88BE-14193F39E9B9}.Release|Any CPU.ActiveCfg = Release|Any CPU
		{C1370820-C0AB-4752-88BE-14193F39E9B9}.Release|Any CPU.Build.0 = Release|Any CPU
		{C1370820-C0AB-4752-88BE-14193F39E9B9}.Release|x64.ActiveCfg = Release|Any CPU
		{C1370820-C0AB-4752-88BE-14193F39E9B9}.Release|x64.Build.0 = Release|Any CPU
		{C1370820-C0AB-4752-88BE-14193F39E9B9}.Release|x86.ActiveCfg = Release|Any CPU
		{C1370820-C0AB-4752-88BE-14193F39E9B9}.Release|x86.Build.0 = Release|Any CPU
	EndGlobalSection
	GlobalSection(SolutionProperties) = preSolution
		HideSolutionNode = FALSE
	EndGlobalSection
	GlobalSection(NestedProjects) = preSolution
		{077D2E8C-2093-4800-3598-2FC6DC006BA5} = {09DF2EE5-5FE7-3EC7-59CB-CAD7E0928979}
		{F7B6A91B-7424-45D7-A1CE-F4E5F5355534} = {077D2E8C-2093-4800-3598-2FC6DC006BA5}
		{9ACB211F-22EE-4DEB-B8BF-60684ABF8686} = {077D2E8C-2093-4800-3598-2FC6DC006BA5}
		{8766E681-7EC5-4C98-8095-3855341853D2} = {FBF56CC3-7AE6-AD2D-3F14-7F97FD322CD6}
		{C60B6670-1359-4C10-ABD2-19C313051D85} = {FBF56CC3-7AE6-AD2D-3F14-7F97FD322CD6}
		{9698B8BE-3B8B-BB50-F83F-725A20791B06} = {09DF2EE5-5FE7-3EC7-59CB-CAD7E0928979}
		{D6E75AAC-9BC5-4A6D-BB6C-C5BB5FB343DC} = {9698B8BE-3B8B-BB50-F83F-725A20791B06}
		{CA447EE0-1522-4600-AEE3-2F466C384A6F} = {9698B8BE-3B8B-BB50-F83F-725A20791B06}
		{D67F7074-6BDF-4005-AA9C-6AD245C64E87} = {FBF56CC3-7AE6-AD2D-3F14-7F97FD322CD6}
		{C1370820-C0AB-4752-88BE-14193F39E9B9} = {FBF56CC3-7AE6-AD2D-3F14-7F97FD322CD6}
	EndGlobalSection
	GlobalSection(ExtensibilityGlobals) = postSolution
		SolutionGuid = {7C00F381-37B6-44D1-A44D-7DF69B3250CA}
	EndGlobalSection
EndGlobal
