
Microsoft Visual Studio Solution File, Format Version 12.00
# Visual Studio Version 17
VisualStudioVersion = 17.13.35931.197 d17.13
MinimumVisualStudioVersion = 10.0.40219.1
Project("{2150E333-8FDC-42A3-9474-1A3956D46DE8}") = "Adapters", "Adapters", "{02EA681E-C7D8-13C7-8484-4AC65E1B71E8}"
EndProject
Project("{2150E333-8FDC-42A3-9474-1A3956D46DE8}") = "Core", "Core", "{200C4B07-F3EF-407E-A0B5-AD84D69B9EE9}"
EndProject
Project("{2150E333-8FDC-42A3-9474-1A3956D46DE8}") = "Primary", "Primary", "{513B86BE-AFA5-48E3-8233-DDEF045CF949}"
EndProject
Project("{2150E333-8FDC-42A3-9474-1A3956D46DE8}") = "Secondary", "Secondary", "{1BE37061-40C1-410B-814C-0D36B318F716}"
EndProject
Project("{FAE04EC0-301F-11D3-BF4B-00C04F79EFBC}") = "FastFood.Api", "FastFood.Api\FastFood.Api.csproj", "{663DE304-1010-4971-BFB5-E05C871F37BB}"
EndProject
Project("{FAE04EC0-301F-11D3-BF4B-00C04F79EFBC}") = "FastFood.Infra.Data", "FastFood.Infra.Data\FastFood.Infra.Data.csproj", "{87D8F6C4-D782-4612-9BE7-D219EE4922D4}"
EndProject
Project("{FAE04EC0-301F-11D3-BF4B-00C04F79EFBC}") = "FastFood.Application", "FastFood.Application\FastFood.Application.csproj", "{74E29DCC-E6B8-451A-A4DF-41B4488C2737}"
EndProject
Project("{FAE04EC0-301F-11D3-BF4B-00C04F79EFBC}") = "FastFood.Domain", "FastFood.Domain\FastFood.Domain.csproj", "{73261EAF-1EB8-4EA0-9BAD-4CD8D9F6BF05}"
EndProject
Project("{FAE04EC0-301F-11D3-BF4B-00C04F79EFBC}") = "FastFood.Domain.Tests", "FastFood.Domain.Test\FastFood.Domain.Tests.csproj", "{AB720A94-8166-4A85-BEA0-0EA98BF4A84A}"
EndProject
Project("{FAE04EC0-301F-11D3-BF4B-00C04F79EFBC}") = "FastFood.Application.Tests", "FastFood.Application.Test\FastFood.Application.Tests.csproj", "{7FA38C49-AAF3-406C-9CC3-8E3C5673DCB4}"
EndProject
Project("{FAE04EC0-301F-11D3-BF4B-00C04F79EFBC}") = "FastFood.Infra.ExternalServices", "FastFood.Infra.ExternalServices\FastFood.Infra.ExternalServices.csproj", "{64C86AFB-BE1D-4E21-8E8D-3C05163DCCE8}"
EndProject
Global
	GlobalSection(SolutionConfigurationPlatforms) = preSolution
		Debug|Any CPU = Debug|Any CPU
		Release|Any CPU = Release|Any CPU
	EndGlobalSection
	GlobalSection(ProjectConfigurationPlatforms) = postSolution
		{663DE304-1010-4971-BFB5-E05C871F37BB}.Debug|Any CPU.ActiveCfg = Debug|Any CPU
		{663DE304-1010-4971-BFB5-E05C871F37BB}.Debug|Any CPU.Build.0 = Debug|Any CPU
		{663DE304-1010-4971-BFB5-E05C871F37BB}.Release|Any CPU.ActiveCfg = Release|Any CPU
		{663DE304-1010-4971-BFB5-E05C871F37BB}.Release|Any CPU.Build.0 = Release|Any CPU
		{87D8F6C4-D782-4612-9BE7-D219EE4922D4}.Debug|Any CPU.ActiveCfg = Debug|Any CPU
		{87D8F6C4-D782-4612-9BE7-D219EE4922D4}.Debug|Any CPU.Build.0 = Debug|Any CPU
		{87D8F6C4-D782-4612-9BE7-D219EE4922D4}.Release|Any CPU.ActiveCfg = Release|Any CPU
		{87D8F6C4-D782-4612-9BE7-D219EE4922D4}.Release|Any CPU.Build.0 = Release|Any CPU
		{74E29DCC-E6B8-451A-A4DF-41B4488C2737}.Debug|Any CPU.ActiveCfg = Debug|Any CPU
		{74E29DCC-E6B8-451A-A4DF-41B4488C2737}.Debug|Any CPU.Build.0 = Debug|Any CPU
		{74E29DCC-E6B8-451A-A4DF-41B4488C2737}.Release|Any CPU.ActiveCfg = Release|Any CPU
		{74E29DCC-E6B8-451A-A4DF-41B4488C2737}.Release|Any CPU.Build.0 = Release|Any CPU
		{73261EAF-1EB8-4EA0-9BAD-4CD8D9F6BF05}.Debug|Any CPU.ActiveCfg = Debug|Any CPU
		{73261EAF-1EB8-4EA0-9BAD-4CD8D9F6BF05}.Debug|Any CPU.Build.0 = Debug|Any CPU
		{73261EAF-1EB8-4EA0-9BAD-4CD8D9F6BF05}.Release|Any CPU.ActiveCfg = Release|Any CPU
		{73261EAF-1EB8-4EA0-9BAD-4CD8D9F6BF05}.Release|Any CPU.Build.0 = Release|Any CPU
		{AB720A94-8166-4A85-BEA0-0EA98BF4A84A}.Debug|Any CPU.ActiveCfg = Debug|Any CPU
		{AB720A94-8166-4A85-BEA0-0EA98BF4A84A}.Debug|Any CPU.Build.0 = Debug|Any CPU
		{AB720A94-8166-4A85-BEA0-0EA98BF4A84A}.Release|Any CPU.ActiveCfg = Release|Any CPU
		{AB720A94-8166-4A85-BEA0-0EA98BF4A84A}.Release|Any CPU.Build.0 = Release|Any CPU
		{7FA38C49-AAF3-406C-9CC3-8E3C5673DCB4}.Debug|Any CPU.ActiveCfg = Debug|Any CPU
		{7FA38C49-AAF3-406C-9CC3-8E3C5673DCB4}.Debug|Any CPU.Build.0 = Debug|Any CPU
		{7FA38C49-AAF3-406C-9CC3-8E3C5673DCB4}.Release|Any CPU.ActiveCfg = Release|Any CPU
		{7FA38C49-AAF3-406C-9CC3-8E3C5673DCB4}.Release|Any CPU.Build.0 = Release|Any CPU
		{64C86AFB-BE1D-4E21-8E8D-3C05163DCCE8}.Debug|Any CPU.ActiveCfg = Debug|Any CPU
		{64C86AFB-BE1D-4E21-8E8D-3C05163DCCE8}.Debug|Any CPU.Build.0 = Debug|Any CPU
		{64C86AFB-BE1D-4E21-8E8D-3C05163DCCE8}.Release|Any CPU.ActiveCfg = Release|Any CPU
		{64C86AFB-BE1D-4E21-8E8D-3C05163DCCE8}.Release|Any CPU.Build.0 = Release|Any CPU
	EndGlobalSection
	GlobalSection(SolutionProperties) = preSolution
		HideSolutionNode = FALSE
	EndGlobalSection
	GlobalSection(NestedProjects) = preSolution
		{513B86BE-AFA5-48E3-8233-DDEF045CF949} = {02EA681E-C7D8-13C7-8484-4AC65E1B71E8}
		{1BE37061-40C1-410B-814C-0D36B318F716} = {02EA681E-C7D8-13C7-8484-4AC65E1B71E8}
		{663DE304-1010-4971-BFB5-E05C871F37BB} = {513B86BE-AFA5-48E3-8233-DDEF045CF949}
		{87D8F6C4-D782-4612-9BE7-D219EE4922D4} = {1BE37061-40C1-410B-814C-0D36B318F716}
		{74E29DCC-E6B8-451A-A4DF-41B4488C2737} = {200C4B07-F3EF-407E-A0B5-AD84D69B9EE9}
		{73261EAF-1EB8-4EA0-9BAD-4CD8D9F6BF05} = {200C4B07-F3EF-407E-A0B5-AD84D69B9EE9}
		{AB720A94-8166-4A85-BEA0-0EA98BF4A84A} = {200C4B07-F3EF-407E-A0B5-AD84D69B9EE9}
		{7FA38C49-AAF3-406C-9CC3-8E3C5673DCB4} = {200C4B07-F3EF-407E-A0B5-AD84D69B9EE9}
		{64C86AFB-BE1D-4E21-8E8D-3C05163DCCE8} = {1BE37061-40C1-410B-814C-0D36B318F716}
	EndGlobalSection
	GlobalSection(ExtensibilityGlobals) = postSolution
		SolutionGuid = {7C00F381-37B6-44D1-A44D-7DF69B3250CA}
	EndGlobalSection
EndGlobal
